# This file is automatically @generated by Cargo.
# It is not intended for manual editing.
version = 3

[[package]]
name = "link-section"
version = "0.15.0"
dependencies = [
 "linktime-proc-macro",
]

[[package]]
name = "linktime-proc-macro"
version = "0.1.0"
source = "registry+https://github.com/rust-lang/crates.io-index"
checksum = "a44cd706ff0d503ee32b2071166510ca27e281228de10cd3aa8d35ff94560f81"
